
Microsoft Visual Studio Solution File, Format Version 12.00
# Visual Studio 15
VisualStudioVersion = 15.0.28010.2048
MinimumVisualStudioVersion = 10.0.40219.1
Project("{FAE04EC0-301F-11D3-BF4B-00C04F79EFBC}") = "EM.Calc.ConsoleApp", "EM.Calc.ConsoleApp\EM.Calc.ConsoleApp.csproj", "{3182C3B9-7862-4DF7-A0EF-C714684B50AC}"
EndProject
Project("{FAE04EC0-301F-11D3-BF4B-00C04F79EFBC}") = "EM.Calc.Core", "..\EM.Calc.Core\EM.Calc.Core.csproj", "{440FB43E-9ABB-4F1A-BD38-A1DBE7F4004B}"
EndProject
Project("{FAE04EC0-301F-11D3-BF4B-00C04F79EFBC}") = "EM.Calc.WinCalc", "EM.Calc.WinCalc\EM.Calc.WinCalc.csproj", "{0534AFFB-AC23-405F-8C08-779407AADE26}"
EndProject
Project("{FAE04EC0-301F-11D3-BF4B-00C04F79EFBC}") = "EM.Calc.Web", "EM.Calc.Web\EM.Calc.Web.csproj", "{5442E758-7408-4878-8B67-BAECC4A8BB22}"
EndProject
Project("{FAE04EC0-301F-11D3-BF4B-00C04F79EFBC}") = "EM.Calc.DB", "EM.Calc.DB\EM.Calc.DB.csproj", "{34EEC0CC-4234-48AB-9711-04F7703DF30A}"
EndProject
Global
	GlobalSection(SolutionConfigurationPlatforms) = preSolution
		Debug|Any CPU = Debug|Any CPU
		Release|Any CPU = Release|Any CPU
	EndGlobalSection
	GlobalSection(ProjectConfigurationPlatforms) = postSolution
		{3182C3B9-7862-4DF7-A0EF-C714684B50AC}.Debug|Any CPU.ActiveCfg = Debug|Any CPU
		{3182C3B9-7862-4DF7-A0EF-C714684B50AC}.Debug|Any CPU.Build.0 = Debug|Any CPU
		{3182C3B9-7862-4DF7-A0EF-C714684B50AC}.Release|Any CPU.ActiveCfg = Release|Any CPU
		{3182C3B9-7862-4DF7-A0EF-C714684B50AC}.Release|Any CPU.Build.0 = Release|Any CPU
		{440FB43E-9ABB-4F1A-BD38-A1DBE7F4004B}.Debug|Any CPU.ActiveCfg = Debug|Any CPU
		{440FB43E-9ABB-4F1A-BD38-A1DBE7F4004B}.Debug|Any CPU.Build.0 = Debug|Any CPU
		{440FB43E-9ABB-4F1A-BD38-A1DBE7F4004B}.Release|Any CPU.ActiveCfg = Release|Any CPU
		{440FB43E-9ABB-4F1A-BD38-A1DBE7F4004B}.Release|Any CPU.Build.0 = Release|Any CPU
		{0534AFFB-AC23-405F-8C08-779407AADE26}.Debug|Any CPU.ActiveCfg = Debug|Any CPU
		{0534AFFB-AC23-405F-8C08-779407AADE26}.Debug|Any CPU.Build.0 = Debug|Any CPU
		{0534AFFB-AC23-405F-8C08-779407AADE26}.Release|Any CPU.ActiveCfg = Release|Any CPU
		{0534AFFB-AC23-405F-8C08-779407AADE26}.Release|Any CPU.Build.0 = Release|Any CPU
		{5442E758-7408-4878-8B67-BAECC4A8BB22}.Debug|Any CPU.ActiveCfg = Debug|Any CPU
		{5442E758-7408-4878-8B67-BAECC4A8BB22}.Debug|Any CPU.Build.0 = Debug|Any CPU
		{5442E758-7408-4878-8B67-BAECC4A8BB22}.Release|Any CPU.ActiveCfg = Release|Any CPU
		{5442E758-7408-4878-8B67-BAECC4A8BB22}.Release|Any CPU.Build.0 = Release|Any CPU
		{34EEC0CC-4234-48AB-9711-04F7703DF30A}.Debug|Any CPU.ActiveCfg = Debug|Any CPU
		{34EEC0CC-4234-48AB-9711-04F7703DF30A}.Debug|Any CPU.Build.0 = Debug|Any CPU
		{34EEC0CC-4234-48AB-9711-04F7703DF30A}.Release|Any CPU.ActiveCfg = Release|Any CPU
		{34EEC0CC-4234-48AB-9711-04F7703DF30A}.Release|Any CPU.Build.0 = Release|Any CPU
	EndGlobalSection
	GlobalSection(SolutionProperties) = preSolution
		HideSolutionNode = FALSE
	EndGlobalSection
	GlobalSection(ExtensibilityGlobals) = postSolution
		SolutionGuid = {781FFEAF-B6E5-430C-9757-B3C6FB1900AD}
	EndGlobalSection
EndGlobal
